
Microsoft Visual Studio Solution File, Format Version 12.00
# Visual Studio Version 17
VisualStudioVersion = 17.11.35222.181
MinimumVisualStudioVersion = 10.0.40219.1
Project("{9A19103F-16F7-4668-BE54-9A1E7A4F7556}") = "ControlerLaSaisie", "ControlerLaSaisie\ControlerLaSaisie.csproj", "{7FDB3B5A-AA05-4EAC-B24F-07B5D3ABBF66}"
EndProject
Project("{9A19103F-16F7-4668-BE54-9A1E7A4F7556}") = "ControlerLaSaisieAvecLimite", "ControlerLaSaisieAvecLimite\ControlerLaSaisieAvecLimite.csproj", "{975899B4-B975-4F65-88D1-0E6B39417313}"
EndProject
Project("{9A19103F-16F7-4668-BE54-9A1E7A4F7556}") = "MaBicyclette", "MaBicyclette\MaBicyclette.csproj", "{3DFA0D03-FB0E-4BB2-998B-DFA8788CDF4F}"
EndProject
Project("{9A19103F-16F7-4668-BE54-9A1E7A4F7556}") = "EsTuMajeur", "EsTuMajeur\EsTuMajeur.csproj", "{FA750093-4279-451B-9B00-0A89B520283D}"
EndProject
Project("{9A19103F-16F7-4668-BE54-9A1E7A4F7556}") = "MaRetraite", "MaRetraite\MaRetraite.csproj", "{525BA40F-42F5-4CBD-906C-05987DA92BD0}"
EndProject
Project("{9A19103F-16F7-4668-BE54-9A1E7A4F7556}") = "TriDeNombre", "TriDeNombre\TriDeNombre.csproj", "{0C7E721F-630E-42FB-AF38-355EABF145AA}"
EndProject
Project("{9A19103F-16F7-4668-BE54-9A1E7A4F7556}") = "TriDeNombre++", "TriDeNombre++\TriDeNombre++.csproj", "{FC95DA33-F51D-4246-9219-5A50A767FA47}"
EndProject
Project("{9A19103F-16F7-4668-BE54-9A1E7A4F7556}") = "Intervalle", "Intervalle\Intervalle.csproj", "{45348EA1-6960-41FD-8838-95C09B8BADCB}"
EndProject
Project("{9A19103F-16F7-4668-BE54-9A1E7A4F7556}") = "DiviseursNombre", "DiviseursNombre\DiviseursNombre.csproj", "{BFDFB959-817D-41F9-A0A1-9B7703FAFBA5}"
EndProject
Project("{9A19103F-16F7-4668-BE54-9A1E7A4F7556}") = "JeuDeLaFourchette", "JeuDeLaFourchette\JeuDeLaFourchette.csproj", "{09488576-339C-4FA4-94A3-F8036F227A3A}"
EndProject
Project("{9A19103F-16F7-4668-BE54-9A1E7A4F7556}") = "NombrePremier", "NombrePremier\NombrePremier.csproj", "{81030CBF-B6BD-40E8-A0AB-5AF6EEC8CF6C}"
EndProject
Project("{9A19103F-16F7-4668-BE54-9A1E7A4F7556}") = "BarnabeFaitSesCourses", "BarnabeFaitSesCourses\BarnabeFaitSesCourses.csproj", "{97A1FF6E-4019-41AF-8E08-AA60519EE13F}"
EndProject
Project("{9A19103F-16F7-4668-BE54-9A1E7A4F7556}") = "RechercheNombreTableau", "RechercheNombreTableau\RechercheNombreTableau.csproj", "{94CF3F52-1C7F-42ED-A207-02C145002628}"
EndProject
Project("{9A19103F-16F7-4668-BE54-9A1E7A4F7556}") = "RechercheLettreDansPhrase", "RechercheLettreDansPhrase\RechercheLettreDansPhrase.csproj", "{C8C92BB1-DE81-47CE-A17C-C94082166168}"
EndProject
Project("{9A19103F-16F7-4668-BE54-9A1E7A4F7556}") = "DenombreLettresAlphabet", "DenombreLettresAlphabet\DenombreLettresAlphabet.csproj", "{B0C9F080-1743-4CF2-8993-E7F989E73A0C}"
EndProject
Project("{9A19103F-16F7-4668-BE54-9A1E7A4F7556}") = "TriTableau", "TriTableau\TriTableau.csproj", "{F6A65955-8A88-4CB8-85A9-DEAC0D4F403F}"
EndProject
Project("{9A19103F-16F7-4668-BE54-9A1E7A4F7556}") = "Palindrome", "Palindrome\Palindrome.csproj", "{775D7B4E-A55F-4959-AA9C-5180582E4E0D}"
EndProject
Project("{9A19103F-16F7-4668-BE54-9A1E7A4F7556}") = "FruitsEtLegumes", "FruitsEtLegumes\FruitsEtLegumes.csproj", "{FE612E27-E0B4-4C0A-86E3-BF7200599B6E}"
EndProject
Project("{9A19103F-16F7-4668-BE54-9A1E7A4F7556}") = "LesCapitales", "LesCapitales\LesCapitales.csproj", "{6F9FBDBE-1C19-4D83-BCA4-ADBB7B6F5F18}"
EndProject
Project("{9A19103F-16F7-4668-BE54-9A1E7A4F7556}") = "MotDePasseSecurise", "MotDePasseSecurise\MotDePasseSecurise.csproj", "{3EE2936B-4F8E-4C11-A87E-17A9C0385582}"
EndProject
Project("{9A19103F-16F7-4668-BE54-9A1E7A4F7556}") = "MBarriquandTools", "MBarriquandTools\MBarriquandTools.csproj", "{8C08D24C-876C-4954-B302-1B0FC5716F5E}"
EndProject
Project("{9A19103F-16F7-4668-BE54-9A1E7A4F7556}") = "ExercicesRegex", "VerificationCB\ExercicesRegex.csproj", "{7F8722DA-2828-4490-A2A5-1B9ACA03E067}"
EndProject
Project("{9A19103F-16F7-4668-BE54-9A1E7A4F7556}") = "JalonAlgo", "JalonAlgo\JalonAlgo.csproj", "{4D8D3DF9-275F-48D3-8B43-771F6DDD122E}"
EndProject
Project("{9A19103F-16F7-4668-BE54-9A1E7A4F7556}") = "Collections.Listes", "Collections.Listes\Collections.Listes.csproj", "{59244AC8-0DB3-4EB6-AC4C-BD609A09E695}"
EndProject
Project("{9A19103F-16F7-4668-BE54-9A1E7A4F7556}") = "ExerciceCollections", "ExerciceCollections\ExerciceCollections.csproj", "{A98C80BE-E5CD-401C-A369-DC0DE05016E7}"
EndProject
Project("{FAE04EC0-301F-11D3-BF4B-00C04F79EFBC}") = "Collection.Objets", "CollectionObjets\Collection.Objets.csproj", "{771E0178-A8F1-4847-BD0F-0FC8D1D0C07B}"
EndProject
Global
	GlobalSection(SolutionConfigurationPlatforms) = preSolution
		Debug|Any CPU = Debug|Any CPU
		Release|Any CPU = Release|Any CPU
	EndGlobalSection
	GlobalSection(ProjectConfigurationPlatforms) = postSolution
		{7FDB3B5A-AA05-4EAC-B24F-07B5D3ABBF66}.Debug|Any CPU.ActiveCfg = Debug|Any CPU
		{7FDB3B5A-AA05-4EAC-B24F-07B5D3ABBF66}.Debug|Any CPU.Build.0 = Debug|Any CPU
		{7FDB3B5A-AA05-4EAC-B24F-07B5D3ABBF66}.Release|Any CPU.ActiveCfg = Release|Any CPU
		{7FDB3B5A-AA05-4EAC-B24F-07B5D3ABBF66}.Release|Any CPU.Build.0 = Release|Any CPU
		{975899B4-B975-4F65-88D1-0E6B39417313}.Debug|Any CPU.ActiveCfg = Debug|Any CPU
		{975899B4-B975-4F65-88D1-0E6B39417313}.Debug|Any CPU.Build.0 = Debug|Any CPU
		{975899B4-B975-4F65-88D1-0E6B39417313}.Release|Any CPU.ActiveCfg = Release|Any CPU
		{975899B4-B975-4F65-88D1-0E6B39417313}.Release|Any CPU.Build.0 = Release|Any CPU
		{3DFA0D03-FB0E-4BB2-998B-DFA8788CDF4F}.Debug|Any CPU.ActiveCfg = Debug|Any CPU
		{3DFA0D03-FB0E-4BB2-998B-DFA8788CDF4F}.Debug|Any CPU.Build.0 = Debug|Any CPU
		{3DFA0D03-FB0E-4BB2-998B-DFA8788CDF4F}.Release|Any CPU.ActiveCfg = Release|Any CPU
		{3DFA0D03-FB0E-4BB2-998B-DFA8788CDF4F}.Release|Any CPU.Build.0 = Release|Any CPU
		{FA750093-4279-451B-9B00-0A89B520283D}.Debug|Any CPU.ActiveCfg = Debug|Any CPU
		{FA750093-4279-451B-9B00-0A89B520283D}.Debug|Any CPU.Build.0 = Debug|Any CPU
		{FA750093-4279-451B-9B00-0A89B520283D}.Release|Any CPU.ActiveCfg = Release|Any CPU
		{FA750093-4279-451B-9B00-0A89B520283D}.Release|Any CPU.Build.0 = Release|Any CPU
		{525BA40F-42F5-4CBD-906C-05987DA92BD0}.Debug|Any CPU.ActiveCfg = Debug|Any CPU
		{525BA40F-42F5-4CBD-906C-05987DA92BD0}.Debug|Any CPU.Build.0 = Debug|Any CPU
		{525BA40F-42F5-4CBD-906C-05987DA92BD0}.Release|Any CPU.ActiveCfg = Release|Any CPU
		{525BA40F-42F5-4CBD-906C-05987DA92BD0}.Release|Any CPU.Build.0 = Release|Any CPU
		{0C7E721F-630E-42FB-AF38-355EABF145AA}.Debug|Any CPU.ActiveCfg = Debug|Any CPU
		{0C7E721F-630E-42FB-AF38-355EABF145AA}.Debug|Any CPU.Build.0 = Debug|Any CPU
		{0C7E721F-630E-42FB-AF38-355EABF145AA}.Release|Any CPU.ActiveCfg = Release|Any CPU
		{0C7E721F-630E-42FB-AF38-355EABF145AA}.Release|Any CPU.Build.0 = Release|Any CPU
		{FC95DA33-F51D-4246-9219-5A50A767FA47}.Debug|Any CPU.ActiveCfg = Debug|Any CPU
		{FC95DA33-F51D-4246-9219-5A50A767FA47}.Debug|Any CPU.Build.0 = Debug|Any CPU
		{FC95DA33-F51D-4246-9219-5A50A767FA47}.Release|Any CPU.ActiveCfg = Release|Any CPU
		{FC95DA33-F51D-4246-9219-5A50A767FA47}.Release|Any CPU.Build.0 = Release|Any CPU
		{45348EA1-6960-41FD-8838-95C09B8BADCB}.Debug|Any CPU.ActiveCfg = Debug|Any CPU
		{45348EA1-6960-41FD-8838-95C09B8BADCB}.Debug|Any CPU.Build.0 = Debug|Any CPU
		{45348EA1-6960-41FD-8838-95C09B8BADCB}.Release|Any CPU.ActiveCfg = Release|Any CPU
		{45348EA1-6960-41FD-8838-95C09B8BADCB}.Release|Any CPU.Build.0 = Release|Any CPU
		{BFDFB959-817D-41F9-A0A1-9B7703FAFBA5}.Debug|Any CPU.ActiveCfg = Debug|Any CPU
		{BFDFB959-817D-41F9-A0A1-9B7703FAFBA5}.Debug|Any CPU.Build.0 = Debug|Any CPU
		{BFDFB959-817D-41F9-A0A1-9B7703FAFBA5}.Release|Any CPU.ActiveCfg = Release|Any CPU
		{BFDFB959-817D-41F9-A0A1-9B7703FAFBA5}.Release|Any CPU.Build.0 = Release|Any CPU
		{09488576-339C-4FA4-94A3-F8036F227A3A}.Debug|Any CPU.ActiveCfg = Debug|Any CPU
		{09488576-339C-4FA4-94A3-F8036F227A3A}.Debug|Any CPU.Build.0 = Debug|Any CPU
		{09488576-339C-4FA4-94A3-F8036F227A3A}.Release|Any CPU.ActiveCfg = Release|Any CPU
		{09488576-339C-4FA4-94A3-F8036F227A3A}.Release|Any CPU.Build.0 = Release|Any CPU
		{81030CBF-B6BD-40E8-A0AB-5AF6EEC8CF6C}.Debug|Any CPU.ActiveCfg = Debug|Any CPU
		{81030CBF-B6BD-40E8-A0AB-5AF6EEC8CF6C}.Debug|Any CPU.Build.0 = Debug|Any CPU
		{81030CBF-B6BD-40E8-A0AB-5AF6EEC8CF6C}.Release|Any CPU.ActiveCfg = Release|Any CPU
		{81030CBF-B6BD-40E8-A0AB-5AF6EEC8CF6C}.Release|Any CPU.Build.0 = Release|Any CPU
		{97A1FF6E-4019-41AF-8E08-AA60519EE13F}.Debug|Any CPU.ActiveCfg = Debug|Any CPU
		{97A1FF6E-4019-41AF-8E08-AA60519EE13F}.Debug|Any CPU.Build.0 = Debug|Any CPU
		{97A1FF6E-4019-41AF-8E08-AA60519EE13F}.Release|Any CPU.ActiveCfg = Release|Any CPU
		{97A1FF6E-4019-41AF-8E08-AA60519EE13F}.Release|Any CPU.Build.0 = Release|Any CPU
		{94CF3F52-1C7F-42ED-A207-02C145002628}.Debug|Any CPU.ActiveCfg = Debug|Any CPU
		{94CF3F52-1C7F-42ED-A207-02C145002628}.Debug|Any CPU.Build.0 = Debug|Any CPU
		{94CF3F52-1C7F-42ED-A207-02C145002628}.Release|Any CPU.ActiveCfg = Release|Any CPU
		{94CF3F52-1C7F-42ED-A207-02C145002628}.Release|Any CPU.Build.0 = Release|Any CPU
		{C8C92BB1-DE81-47CE-A17C-C94082166168}.Debug|Any CPU.ActiveCfg = Debug|Any CPU
		{C8C92BB1-DE81-47CE-A17C-C94082166168}.Debug|Any CPU.Build.0 = Debug|Any CPU
		{C8C92BB1-DE81-47CE-A17C-C94082166168}.Release|Any CPU.ActiveCfg = Release|Any CPU
		{C8C92BB1-DE81-47CE-A17C-C94082166168}.Release|Any CPU.Build.0 = Release|Any CPU
		{B0C9F080-1743-4CF2-8993-E7F989E73A0C}.Debug|Any CPU.ActiveCfg = Debug|Any CPU
		{B0C9F080-1743-4CF2-8993-E7F989E73A0C}.Debug|Any CPU.Build.0 = Debug|Any CPU
		{B0C9F080-1743-4CF2-8993-E7F989E73A0C}.Release|Any CPU.ActiveCfg = Release|Any CPU
		{B0C9F080-1743-4CF2-8993-E7F989E73A0C}.Release|Any CPU.Build.0 = Release|Any CPU
		{F6A65955-8A88-4CB8-85A9-DEAC0D4F403F}.Debug|Any CPU.ActiveCfg = Debug|Any CPU
		{F6A65955-8A88-4CB8-85A9-DEAC0D4F403F}.Debug|Any CPU.Build.0 = Debug|Any CPU
		{F6A65955-8A88-4CB8-85A9-DEAC0D4F403F}.Release|Any CPU.ActiveCfg = Release|Any CPU
		{F6A65955-8A88-4CB8-85A9-DEAC0D4F403F}.Release|Any CPU.Build.0 = Release|Any CPU
		{775D7B4E-A55F-4959-AA9C-5180582E4E0D}.Debug|Any CPU.ActiveCfg = Debug|Any CPU
		{775D7B4E-A55F-4959-AA9C-5180582E4E0D}.Debug|Any CPU.Build.0 = Debug|Any CPU
		{775D7B4E-A55F-4959-AA9C-5180582E4E0D}.Release|Any CPU.ActiveCfg = Release|Any CPU
		{775D7B4E-A55F-4959-AA9C-5180582E4E0D}.Release|Any CPU.Build.0 = Release|Any CPU
		{FE612E27-E0B4-4C0A-86E3-BF7200599B6E}.Debug|Any CPU.ActiveCfg = Debug|Any CPU
		{FE612E27-E0B4-4C0A-86E3-BF7200599B6E}.Debug|Any CPU.Build.0 = Debug|Any CPU
		{FE612E27-E0B4-4C0A-86E3-BF7200599B6E}.Release|Any CPU.ActiveCfg = Release|Any CPU
		{FE612E27-E0B4-4C0A-86E3-BF7200599B6E}.Release|Any CPU.Build.0 = Release|Any CPU
		{6F9FBDBE-1C19-4D83-BCA4-ADBB7B6F5F18}.Debug|Any CPU.ActiveCfg = Debug|Any CPU
		{6F9FBDBE-1C19-4D83-BCA4-ADBB7B6F5F18}.Debug|Any CPU.Build.0 = Debug|Any CPU
		{6F9FBDBE-1C19-4D83-BCA4-ADBB7B6F5F18}.Release|Any CPU.ActiveCfg = Release|Any CPU
		{6F9FBDBE-1C19-4D83-BCA4-ADBB7B6F5F18}.Release|Any CPU.Build.0 = Release|Any CPU
		{3EE2936B-4F8E-4C11-A87E-17A9C0385582}.Debug|Any CPU.ActiveCfg = Debug|Any CPU
		{3EE2936B-4F8E-4C11-A87E-17A9C0385582}.Debug|Any CPU.Build.0 = Debug|Any CPU
		{3EE2936B-4F8E-4C11-A87E-17A9C0385582}.Release|Any CPU.ActiveCfg = Release|Any CPU
		{3EE2936B-4F8E-4C11-A87E-17A9C0385582}.Release|Any CPU.Build.0 = Release|Any CPU
		{8C08D24C-876C-4954-B302-1B0FC5716F5E}.Debug|Any CPU.ActiveCfg = Debug|Any CPU
		{8C08D24C-876C-4954-B302-1B0FC5716F5E}.Debug|Any CPU.Build.0 = Debug|Any CPU
		{8C08D24C-876C-4954-B302-1B0FC5716F5E}.Release|Any CPU.ActiveCfg = Release|Any CPU
		{8C08D24C-876C-4954-B302-1B0FC5716F5E}.Release|Any CPU.Build.0 = Release|Any CPU
		{7F8722DA-2828-4490-A2A5-1B9ACA03E067}.Debug|Any CPU.ActiveCfg = Debug|Any CPU
		{7F8722DA-2828-4490-A2A5-1B9ACA03E067}.Debug|Any CPU.Build.0 = Debug|Any CPU
		{7F8722DA-2828-4490-A2A5-1B9ACA03E067}.Release|Any CPU.ActiveCfg = Release|Any CPU
		{7F8722DA-2828-4490-A2A5-1B9ACA03E067}.Release|Any CPU.Build.0 = Release|Any CPU
		{4D8D3DF9-275F-48D3-8B43-771F6DDD122E}.Debug|Any CPU.ActiveCfg = Debug|Any CPU
		{4D8D3DF9-275F-48D3-8B43-771F6DDD122E}.Debug|Any CPU.Build.0 = Debug|Any CPU
		{4D8D3DF9-275F-48D3-8B43-771F6DDD122E}.Release|Any CPU.ActiveCfg = Release|Any CPU
		{4D8D3DF9-275F-48D3-8B43-771F6DDD122E}.Release|Any CPU.Build.0 = Release|Any CPU
		{59244AC8-0DB3-4EB6-AC4C-BD609A09E695}.Debug|Any CPU.ActiveCfg = Debug|Any CPU
		{59244AC8-0DB3-4EB6-AC4C-BD609A09E695}.Debug|Any CPU.Build.0 = Debug|Any CPU
		{59244AC8-0DB3-4EB6-AC4C-BD609A09E695}.Release|Any CPU.ActiveCfg = Release|Any CPU
		{59244AC8-0DB3-4EB6-AC4C-BD609A09E695}.Release|Any CPU.Build.0 = Release|Any CPU
		{A98C80BE-E5CD-401C-A369-DC0DE05016E7}.Debug|Any CPU.ActiveCfg = Debug|Any CPU
		{A98C80BE-E5CD-401C-A369-DC0DE05016E7}.Debug|Any CPU.Build.0 = Debug|Any CPU
		{A98C80BE-E5CD-401C-A369-DC0DE05016E7}.Release|Any CPU.ActiveCfg = Release|Any CPU
		{A98C80BE-E5CD-401C-A369-DC0DE05016E7}.Release|Any CPU.Build.0 = Release|Any CPU
		{771E0178-A8F1-4847-BD0F-0FC8D1D0C07B}.Debug|Any CPU.ActiveCfg = Debug|Any CPU
		{771E0178-A8F1-4847-BD0F-0FC8D1D0C07B}.Debug|Any CPU.Build.0 = Debug|Any CPU
		{771E0178-A8F1-4847-BD0F-0FC8D1D0C07B}.Release|Any CPU.ActiveCfg = Release|Any CPU
		{771E0178-A8F1-4847-BD0F-0FC8D1D0C07B}.Release|Any CPU.Build.0 = Release|Any CPU
	EndGlobalSection
	GlobalSection(SolutionProperties) = preSolution
		HideSolutionNode = FALSE
	EndGlobalSection
	GlobalSection(ExtensibilityGlobals) = postSolution
		SolutionGuid = {798EB1A1-6F70-469B-BA50-4739829CDE8A}
	EndGlobalSection
EndGlobal
